
Microsoft Visual Studio Solution File, Format Version 12.00
# Visual Studio Version 16
VisualStudioVersion = 16.0.32106.194
MinimumVisualStudioVersion = 10.0.40219.1
Project("{FAE04EC0-301F-11D3-BF4B-00C04F79EFBC}") = "Nutcracker", "Nutcracker\Nutcracker.csproj", "{9382F057-4BD6-42B1-A3D2-D3A590C90E9D}"
EndProject
Global
	GlobalSection(SolutionConfigurationPlatforms) = preSolution
		Debug|Any CPU = Debug|Any CPU
		Release|Any CPU = Release|Any CPU
	EndGlobalSection
	GlobalSection(ProjectConfigurationPlatforms) = postSolution
		{9382F057-4BD6-42B1-A3D2-D3A590C90E9D}.Debug|Any CPU.ActiveCfg = Debug|Any CPU
		{9382F057-4BD6-42B1-A3D2-D3A590C90E9D}.Debug|Any CPU.Build.0 = Debug|Any CPU
		{9382F057-4BD6-42B1-A3D2-D3A590C90E9D}.Release|Any CPU.ActiveCfg = Release|Any CPU
		{9382F057-4BD6-42B1-A3D2-D3A590C90E9D}.Release|Any CPU.Build.0 = Release|Any CPU
	EndGlobalSection
	GlobalSection(SolutionProperties) = preSolution
		HideSolutionNode = FALSE
	EndGlobalSection
	GlobalSection(ExtensibilityGlobals) = postSolution
		SolutionGuid = {1640BE95-618A-4542-83C6-B8293518D9F3}
	EndGlobalSection
EndGlobal
